// !$*UTF8*$!
{
	archiveVersion = 1;
	classes = {
	};
	objectVersion = 46;
	objects = {

/* Begin PBXBuildFile section */
		ACC0692113FE7786005833C0 /* UIKit.framework in Frameworks */ = {isa = PBXBuildFile; fileRef = ACC0692013FE7786005833C0 /* UIKit.framework */; };
		ACC0692313FE7786005833C0 /* Foundation.framework in Frameworks */ = {isa = PBXBuildFile; fileRef = ACC0692213FE7786005833C0 /* Foundation.framework */; };
		ACC0692513FE7786005833C0 /* CoreGraphics.framework in Frameworks */ = {isa = PBXBuildFile; fileRef = ACC0692413FE7786005833C0 /* CoreGraphics.framework */; };
		ACC0692B13FE7786005833C0 /* InfoPlist.strings in Resources */ = {isa = PBXBuildFile; fileRef = ACC0692913FE7786005833C0 /* InfoPlist.strings */; };
		ACC0692E13FE7786005833C0 /* main.m in Sources */ = {isa = PBXBuildFile; fileRef = ACC0692D13FE7786005833C0 /* main.m */; };
		ACC0693113FE7786005833C0 /* colortest2AppDelegate.m in Sources */ = {isa = PBXBuildFile; fileRef = ACC0693013FE7786005833C0 /* colortest2AppDelegate.m */; };
		ACC0693413FE7786005833C0 /* MainWindow.xib in Resources */ = {isa = PBXBuildFile; fileRef = ACC0693213FE7786005833C0 /* MainWindow.xib */; };
		ACC0693713FE7786005833C0 /* RootViewController.m in Sources */ = {isa = PBXBuildFile; fileRef = ACC0693613FE7786005833C0 /* RootViewController.m */; };
		ACC0693A13FE7786005833C0 /* RootViewController.xib in Resources */ = {isa = PBXBuildFile; fileRef = ACC0693813FE7786005833C0 /* RootViewController.xib */; };
/* End PBXBuildFile section */

/* Begin PBXFileReference section */
		ACC0691C13FE7786005833C0 /* colortest2.app */ = {isa = PBXFileReference; explicitFileType = wrapper.application; includeInIndex = 0; path = colortest2.app; sourceTree = BUILT_PRODUCTS_DIR; };
		ACC0692013FE7786005833C0 /* UIKit.framework */ = {isa = PBXFileReference; lastKnownFileType = wrapper.framework; name = UIKit.framework; path = System/Library/Frameworks/UIKit.framework; sourceTree = SDKROOT; };
		ACC0692213FE7786005833C0 /* Foundation.framework */ = {isa = PBXFileReference; lastKnownFileType = wrapper.framework; name = Foundation.framework; path = System/Library/Frameworks/Foundation.framework; sourceTree = SDKROOT; };
		ACC0692413FE7786005833C0 /* CoreGraphics.framework */ = {isa = PBXFileReference; lastKnownFileType = wrapper.framework; name = CoreGraphics.framework; path = System/Library/Frameworks/CoreGraphics.framework; sourceTree = SDKROOT; };
		ACC0692813FE7786005833C0 /* colortest2-Info.plist */ = {isa = PBXFileReference; lastKnownFileType = text.plist.xml; path = "colortest2-Info.plist"; sourceTree = "<group>"; };
		ACC0692A13FE7786005833C0 /* en */ = {isa = PBXFileReference; lastKnownFileType = text.plist.strings; name = en; path = en.lproj/InfoPlist.strings; sourceTree = "<group>"; };
		ACC0692C13FE7786005833C0 /* colortest2-Prefix.pch */ = {isa = PBXFileReference; lastKnownFileType = sourcecode.c.h; path = "colortest2-Prefix.pch"; sourceTree = "<group>"; };
		ACC0692D13FE7786005833C0 /* main.m */ = {isa = PBXFileReference; lastKnownFileType = sourcecode.c.objc; path = main.m; sourceTree = "<group>"; };
		ACC0692F13FE7786005833C0 /* colortest2AppDelegate.h */ = {isa = PBXFileReference; lastKnownFileType = sourcecode.c.h; path = colortest2AppDelegate.h; sourceTree = "<group>"; };
		ACC0693013FE7786005833C0 /* colortest2AppDelegate.m */ = {isa = PBXFileReference; lastKnownFileType = sourcecode.c.objc; path = colortest2AppDelegate.m; sourceTree = "<group>"; };
		ACC0693313FE7786005833C0 /* en */ = {isa = PBXFileReference; lastKnownFileType = file.xib; name = en; path = en.lproj/MainWindow.xib; sourceTree = "<group>"; };
		ACC0693513FE7786005833C0 /* RootViewController.h */ = {isa = PBXFileReference; lastKnownFileType = sourcecode.c.h; path = RootViewController.h; sourceTree = "<group>"; };
		ACC0693613FE7786005833C0 /* RootViewController.m */ = {isa = PBXFileReference; lastKnownFileType = sourcecode.c.objc; path = RootViewController.m; sourceTree = "<group>"; };
		ACC0693913FE7786005833C0 /* en */ = {isa = PBXFileReference; lastKnownFileType = file.xib; name = en; path = en.lproj/RootViewController.xib; sourceTree = "<group>"; };
/* End PBXFileReference section */

/* Begin PBXFrameworksBuildPhase section */
		ACC0691913FE7786005833C0 /* Frameworks */ = {
			isa = PBXFrameworksBuildPhase;
			buildActionMask = 2147483647;
			files = (
				ACC0692113FE7786005833C0 /* UIKit.framework in Frameworks */,
				ACC0692313FE7786005833C0 /* Foundation.framework in Frameworks */,
				ACC0692513FE7786005833C0 /* CoreGraphics.framework in Frameworks */,
			);
			runOnlyForDeploymentPostprocessing = 0;
		};
/* End PBXFrameworksBuildPhase section */

/* Begin PBXGroup section */
		ACC0691113FE7786005833C0 = {
			isa = PBXGroup;
			children = (
				ACC0692613FE7786005833C0 /* colortest2 */,
				ACC0691F13FE7786005833C0 /* Frameworks */,
				ACC0691D13FE7786005833C0 /* Products */,
			);
			sourceTree = "<group>";
		};
		ACC0691D13FE7786005833C0 /* Products */ = {
			isa = PBXGroup;
			children = (
				ACC0691C13FE7786005833C0 /* colortest2.app */,
			);
			name = Products;
			sourceTree = "<group>";
		};
		ACC0691F13FE7786005833C0 /* Frameworks */ = {
			isa = PBXGroup;
			children = (
				ACC0692013FE7786005833C0 /* UIKit.framework */,
				ACC0692213FE7786005833C0 /* Foundation.framework */,
				ACC0692413FE7786005833C0 /* CoreGraphics.framework */,
			);
			name = Frameworks;
			sourceTree = "<group>";
		};
		ACC0692613FE7786005833C0 /* colortest2 */ = {
			isa = PBXGroup;
			children = (
				ACC0692F13FE7786005833C0 /* colortest2AppDelegate.h */,
				ACC0693013FE7786005833C0 /* colortest2AppDelegate.m */,
				ACC0693213FE7786005833C0 /* MainWindow.xib */,
				ACC0693513FE7786005833C0 /* RootViewController.h */,
				ACC0693613FE7786005833C0 /* RootViewController.m */,
				ACC0693813FE7786005833C0 /* RootViewController.xib */,
				ACC0692713FE7786005833C0 /* Supporting Files */,
			);
			path = colortest2;
			sourceTree = "<group>";
		};
		ACC0692713FE7786005833C0 /* Supporting Files */ = {
			isa = PBXGroup;
			children = (
				ACC0692813FE7786005833C0 /* colortest2-Info.plist */,
				ACC0692913FE7786005833C0 /* InfoPlist.strings */,
				ACC0692C13FE7786005833C0 /* colortest2-Prefix.pch */,
				ACC0692D13FE7786005833C0 /* main.m */,
			);
			name = "Supporting Files";
			sourceTree = "<group>";
		};
/* End PBXGroup section */

/* Begin PBXNativeTarget section */
		ACC0691B13FE7786005833C0 /* colortest2 */ = {
			isa = PBXNativeTarget;
			buildConfigurationList = ACC0693D13FE7786005833C0 /* Build configuration list for PBXNativeTarget "colortest2" */;
			buildPhases = (
				ACC0691813FE7786005833C0 /* Sources */,
				ACC0691913FE7786005833C0 /* Frameworks */,
				ACC0691A13FE7786005833C0 /* Resources */,
			);
			buildRules = (
			);
			dependencies = (
			);
			name = colortest2;
			productName = colortest2;
			productReference = ACC0691C13FE7786005833C0 /* colortest2.app */;
			productType = "com.apple.product-type.application";
		};
/* End PBXNativeTarget section */

/* Begin PBXProject section */
		ACC0691313FE7786005833C0 /* Project object */ = {
			isa = PBXProject;
			buildConfigurationList = ACC0691613FE7786005833C0 /* Build configuration list for PBXProject "colortest2" */;
			compatibilityVersion = "Xcode 3.2";
			developmentRegion = English;
			hasScannedForEncodings = 0;
			knownRegions = (
				en,
			);
			mainGroup = ACC0691113FE7786005833C0;
			productRefGroup = ACC0691D13FE7786005833C0 /* Products */;
			projectDirPath = "";
			projectRoot = "";
			targets = (
				ACC0691B13FE7786005833C0 /* colortest2 */,
			);
		};
/* End PBXProject section */

/* Begin PBXResourcesBuildPhase section */
		ACC0691A13FE7786005833C0 /* Resources */ = {
			isa = PBXResourcesBuildPhase;
			buildActionMask = 2147483647;
			files = (
				ACC0692B13FE7786005833C0 /* InfoPlist.strings in Resources */,
				ACC0693413FE7786005833C0 /* MainWindow.xib in Resources */,
				ACC0693A13FE7786005833C0 /* RootViewController.xib in Resources */,
			);
			runOnlyForDeploymentPostprocessing = 0;
		};
/* End PBXResourcesBuildPhase section */

/* Begin PBXSourcesBuildPhase section */
		ACC0691813FE7786005833C0 /* Sources */ = {
			isa = PBXSourcesBuildPhase;
			buildActionMask = 2147483647;
			files = (
				ACC0692E13FE7786005833C0 /* main.m in Sources */,
				ACC0693113FE7786005833C0 /* colortest2AppDelegate.m in Sources */,
				ACC0693713FE7786005833C0 /* RootViewController.m in Sources */,
			);
			runOnlyForDeploymentPostprocessing = 0;
		};
/* End PBXSourcesBuildPhase section */

/* Begin PBXVariantGroup section */
		ACC0692913FE7786005833C0 /* InfoPlist.strings */ = {
			isa = PBXVariantGroup;
			children = (
				ACC0692A13FE7786005833C0 /* en */,
			);
			name = InfoPlist.strings;
			sourceTree = "<group>";
		};
		ACC0693213FE7786005833C0 /* MainWindow.xib */ = {
			isa = PBXVariantGroup;
			children = (
				ACC0693313FE7786005833C0 /* en */,
			);
			name = MainWindow.xib;
			sourceTree = "<group>";
		};
		ACC0693813FE7786005833C0 /* RootViewController.xib */ = {
			isa = PBXVariantGroup;
			children = (
				ACC0693913FE7786005833C0 /* en */,
			);
			name = RootViewController.xib;
			sourceTree = "<group>";
		};
/* End PBXVariantGroup section */

/* Begin XCBuildConfiguration section */
		ACC0693B13FE7786005833C0 /* Debug */ = {
			isa = XCBuildConfiguration;
			buildSettings = {
				ARCHS = "$(ARCHS_STANDARD_32_BIT)";
				"CODE_SIGN_IDENTITY[sdk=iphoneos*]" = "iPhone Developer";
				GCC_C_LANGUAGE_STANDARD = gnu99;
				GCC_OPTIMIZATION_LEVEL = 0;
				GCC_PREPROCESSOR_DEFINITIONS = DEBUG;
				GCC_SYMBOLS_PRIVATE_EXTERN = NO;
				GCC_VERSION = com.apple.compilers.llvmgcc42;
				GCC_WARN_ABOUT_RETURN_TYPE = YES;
				GCC_WARN_UNUSED_VARIABLE = YES;
				IPHONEOS_DEPLOYMENT_TARGET = 4.3;
				SDKROOT = iphoneos;
			};
			name = Debug;
		};
		ACC0693C13FE7786005833C0 /* Release */ = {
			isa = XCBuildConfiguration;
			buildSettings = {
				ARCHS = "$(ARCHS_STANDARD_32_BIT)";
				"CODE_SIGN_IDENTITY[sdk=iphoneos*]" = "iPhone Developer";
				GCC_C_LANGUAGE_STANDARD = gnu99;
				GCC_VERSION = com.apple.compilers.llvmgcc42;
				GCC_WARN_ABOUT_RETURN_TYPE = YES;
				GCC_WARN_UNUSED_VARIABLE = YES;
				IPHONEOS_DEPLOYMENT_TARGET = 4.3;
				OTHER_CFLAGS = "-DNS_BLOCK_ASSERTIONS=1";
				SDKROOT = iphoneos;
			};
			name = Release;
		};
		ACC0693E13FE7786005833C0 /* Debug */ = {
			isa = XCBuildConfiguration;
			buildSettings = {
				ALWAYS_SEARCH_USER_PATHS = NO;
				COPY_PHASE_STRIP = NO;
				GCC_DYNAMIC_NO_PIC = NO;
				GCC_PRECOMPILE_PREFIX_HEADER = YES;
				GCC_PREFIX_HEADER = "colortest2/colortest2-Prefix.pch";
				INFOPLIST_FILE = "colortest2/colortest2-Info.plist";
				PRODUCT_NAME = "$(TARGET_NAME)";
				WRAPPER_EXTENSION = app;
			};
			name = Debug;
		};
		ACC0693F13FE7786005833C0 /* Release */ = {
			isa = XCBuildConfiguration;
			buildSettings = {
				ALWAYS_SEARCH_USER_PATHS = NO;
				COPY_PHASE_STRIP = YES;
				GCC_PRECOMPILE_PREFIX_HEADER = YES;
				GCC_PREFIX_HEADER = "colortest2/colortest2-Prefix.pch";
				INFOPLIST_FILE = "colortest2/colortest2-Info.plist";
				PRODUCT_NAME = "$(TARGET_NAME)";
				VALIDATE_PRODUCT = YES;
				WRAPPER_EXTENSION = app;
			};
			name = Release;
		};
/* End XCBuildConfiguration section */

/* Begin XCConfigurationList section */
		ACC0691613FE7786005833C0 /* Build configuration list for PBXProject "colortest2" */ = {
			isa = XCConfigurationList;
			buildConfigurations = (
				ACC0693B13FE7786005833C0 /* Debug */,
				ACC0693C13FE7786005833C0 /* Release */,
			);
			defaultConfigurationIsVisible = 0;
			defaultConfigurationName = Release;
		};
		ACC0693D13FE7786005833C0 /* Build configuration list for PBXNativeTarget "colortest2" */ = {
			isa = XCConfigurationList;
			buildConfigurations = (
				ACC0693E13FE7786005833C0 /* Debug */,
				ACC0693F13FE7786005833C0 /* Release */,
			);
			defaultConfigurationIsVisible = 0;
		};
/* End XCConfigurationList section */
	};
	rootObject = ACC0691313FE7786005833C0 /* Project object */;
}
